
Microsoft Visual Studio Solution File, Format Version 12.00
# Visual Studio Version 16
VisualStudioVersion = 16.0.30621.155
MinimumVisualStudioVersion = 10.0.40219.1
Project("{2150E333-8FDC-42A3-9474-1A3956D46DE8}") = "lab02", "lab02", "{A2EF0A1E-3C32-4007-9ACE-E40CA476039A}"
EndProject
Project("{8BC9CEB8-8B4A-11D0-8D11-00A0C91BC942}") = "lab02", "lab02\lab02.vcxproj", "{39B62AAA-CF40-4AF8-9C5B-689A3DEE68E4}"
EndProject
Project("{2150E333-8FDC-42A3-9474-1A3956D46DE8}") = "lab03", "lab03", "{16AB56A0-AA0A-404E-AEEA-5FDD69737270}"
EndProject
Project("{8BC9CEB8-8B4A-11D0-8D11-00A0C91BC942}") = "lab03", "lab03\lab03.vcxproj", "{DE5253E1-75CC-4D79-AB91-F4B4D189F5EF}"
EndProject
Project("{2150E333-8FDC-42A3-9474-1A3956D46DE8}") = "lab04", "lab04", "{B6554B9D-1BA6-494B-ACDD-880894AD6CA9}"
EndProject
Project("{8BC9CEB8-8B4A-11D0-8D11-00A0C91BC942}") = "lab04", "lab04\lab04.vcxproj", "{8BD5C115-9D6A-49E0-B7F6-F8F074AB25D2}"
EndProject
Project("{2150E333-8FDC-42A3-9474-1A3956D46DE8}") = "lab05", "lab05", "{131C6234-7E7A-425E-A9D0-196E2D2BDB91}"
EndProject
Project("{8BC9CEB8-8B4A-11D0-8D11-00A0C91BC942}") = "lab05", "lab05\lab05.vcxproj", "{979D579B-E35E-40F7-85BC-873C98D990F6}"
EndProject
Project("{2150E333-8FDC-42A3-9474-1A3956D46DE8}") = "lab06", "lab06", "{F685161C-2EBE-4D25-BD03-DAE28E671CAA}"
EndProject
Project("{8BC9CEB8-8B4A-11D0-8D11-00A0C91BC942}") = "lab06", "lab06\lab06.vcxproj", "{51194529-2E52-4024-AE90-FA3D155DEDAA}"
EndProject
Project("{2150E333-8FDC-42A3-9474-1A3956D46DE8}") = "lab07", "lab07", "{7E7B0A67-C677-4D7C-A26F-9C20BF06586F}"
EndProject
Project("{8BC9CEB8-8B4A-11D0-8D11-00A0C91BC942}") = "lab07", "lab07\lab07.vcxproj", "{A105423E-0DC5-40DE-9841-BAE8093686F4}"
EndProject
Project("{2150E333-8FDC-42A3-9474-1A3956D46DE8}") = "lab08", "lab08", "{8A014BA6-0FAB-468F-BC9B-538BFE3F6A77}"
EndProject
Project("{8BC9CEB8-8B4A-11D0-8D11-00A0C91BC942}") = "lab08", "lab08\lab08.vcxproj", "{BF03C800-5243-41B2-AF53-F5DDCACB5A55}"
EndProject
Project("{2150E333-8FDC-42A3-9474-1A3956D46DE8}") = "lab09", "lab09", "{6B414DB0-F88E-4D9B-A25D-C8321D71FC33}"
EndProject
Project("{8BC9CEB8-8B4A-11D0-8D11-00A0C91BC942}") = "lab09", "lab09\lab09.vcxproj", "{ED2DFD40-0910-4B19-933C-2A4C845140A3}"
EndProject
Project("{2150E333-8FDC-42A3-9474-1A3956D46DE8}") = "lab10", "lab10", "{653C6312-B8D1-463C-B357-8E9DB9A0BBA4}"
EndProject
Project("{2150E333-8FDC-42A3-9474-1A3956D46DE8}") = "lab11", "lab11", "{2F4CB8B0-5BDD-4D17-8F2C-14324102DB50}"
EndProject
Project("{8BC9CEB8-8B4A-11D0-8D11-00A0C91BC942}") = "lab11", "lab11\lab11.vcxproj", "{369FDD79-6FF8-4008-918A-751EBAE09397}"
EndProject
Project("{2150E333-8FDC-42A3-9474-1A3956D46DE8}") = "lab13", "lab13", "{1BC3DAC5-0881-49B3-9AEB-2DFD19AA490F}"
EndProject
Project("{8BC9CEB8-8B4A-11D0-8D11-00A0C91BC942}") = "lab13", "lab13\lab13.vcxproj", "{CEB09D2A-9CD8-4644-90D8-C234D6D3BD22}"
EndProject
Project("{2150E333-8FDC-42A3-9474-1A3956D46DE8}") = "lab12", "lab12", "{6062970C-C9F6-43E0-98E4-B6C3F36A37BE}"
EndProject
Project("{2150E333-8FDC-42A3-9474-1A3956D46DE8}") = "lab14", "lab14", "{EDFE7EF2-5B21-4DDB-AF85-D1B4B3476A49}"
EndProject
Project("{8BC9CEB8-8B4A-11D0-8D11-00A0C91BC942}") = "lab14", "lab14\lab14.vcxproj", "{8DFE986C-4217-4E33-88A3-DD1B0F7DBCF5}"
EndProject
Project("{8BC9CEB8-8B4A-11D0-8D11-00A0C91BC942}") = "lab12", "lab12\lab12.vcxproj", "{C7E0BC6C-8A44-422F-8528-53585A193F69}"
EndProject
Project("{8BC9CEB8-8B4A-11D0-8D11-00A0C91BC942}") = "lob10", "lob10\lob10.vcxproj", "{B6123F76-808A-4A67-A59A-BA7D61D7C672}"
EndProject
Project("{2150E333-8FDC-42A3-9474-1A3956D46DE8}") = "RGZ", "RGZ", "{A4972F32-1C09-4CE4-A295-20DA9909EFB8}"
EndProject
Project("{8BC9CEB8-8B4A-11D0-8D11-00A0C91BC942}") = "RGZ", "RGZ\RGZ.vcxproj", "{FD82DA89-B2FC-4B01-8B1D-424DAA005DE8}"
EndProject
Project("{8BC9CEB8-8B4A-11D0-8D11-00A0C91BC942}") = "lab21", "lab21\lab21.vcxproj", "{F9F48BE1-A8B8-4630-B4FD-DA13E5466AE8}"
EndProject
Project("{8BC9CEB8-8B4A-11D0-8D11-00A0C91BC942}") = "Dll", "Dll\Dll.vcxproj", "{D4D1B8DC-96BD-4730-9C98-5DDE619539A6}"
EndProject
Global
	GlobalSection(SolutionConfigurationPlatforms) = preSolution
		Debug|x64 = Debug|x64
		Debug|x86 = Debug|x86
		Release|x64 = Release|x64
		Release|x86 = Release|x86
	EndGlobalSection
	GlobalSection(ProjectConfigurationPlatforms) = postSolution
		{39B62AAA-CF40-4AF8-9C5B-689A3DEE68E4}.Debug|x64.ActiveCfg = Debug|x64
		{39B62AAA-CF40-4AF8-9C5B-689A3DEE68E4}.Debug|x64.Build.0 = Debug|x64
		{39B62AAA-CF40-4AF8-9C5B-689A3DEE68E4}.Debug|x86.ActiveCfg = Debug|Win32
		{39B62AAA-CF40-4AF8-9C5B-689A3DEE68E4}.Debug|x86.Build.0 = Debug|Win32
		{39B62AAA-CF40-4AF8-9C5B-689A3DEE68E4}.Release|x64.ActiveCfg = Release|x64
		{39B62AAA-CF40-4AF8-9C5B-689A3DEE68E4}.Release|x64.Build.0 = Release|x64
		{39B62AAA-CF40-4AF8-9C5B-689A3DEE68E4}.Release|x86.ActiveCfg = Release|Win32
		{39B62AAA-CF40-4AF8-9C5B-689A3DEE68E4}.Release|x86.Build.0 = Release|Win32
		{DE5253E1-75CC-4D79-AB91-F4B4D189F5EF}.Debug|x64.ActiveCfg = Debug|x64
		{DE5253E1-75CC-4D79-AB91-F4B4D189F5EF}.Debug|x64.Build.0 = Debug|x64
		{DE5253E1-75CC-4D79-AB91-F4B4D189F5EF}.Debug|x86.ActiveCfg = Debug|Win32
		{DE5253E1-75CC-4D79-AB91-F4B4D189F5EF}.Debug|x86.Build.0 = Debug|Win32
		{DE5253E1-75CC-4D79-AB91-F4B4D189F5EF}.Release|x64.ActiveCfg = Release|x64
		{DE5253E1-75CC-4D79-AB91-F4B4D189F5EF}.Release|x64.Build.0 = Release|x64
		{DE5253E1-75CC-4D79-AB91-F4B4D189F5EF}.Release|x86.ActiveCfg = Release|Win32
		{DE5253E1-75CC-4D79-AB91-F4B4D189F5EF}.Release|x86.Build.0 = Release|Win32
		{8BD5C115-9D6A-49E0-B7F6-F8F074AB25D2}.Debug|x64.ActiveCfg = Debug|x64
		{8BD5C115-9D6A-49E0-B7F6-F8F074AB25D2}.Debug|x64.Build.0 = Debug|x64
		{8BD5C115-9D6A-49E0-B7F6-F8F074AB25D2}.Debug|x86.ActiveCfg = Debug|Win32
		{8BD5C115-9D6A-49E0-B7F6-F8F074AB25D2}.Debug|x86.Build.0 = Debug|Win32
		{8BD5C115-9D6A-49E0-B7F6-F8F074AB25D2}.Release|x64.ActiveCfg = Release|x64
		{8BD5C115-9D6A-49E0-B7F6-F8F074AB25D2}.Release|x64.Build.0 = Release|x64
		{8BD5C115-9D6A-49E0-B7F6-F8F074AB25D2}.Release|x86.ActiveCfg = Release|Win32
		{8BD5C115-9D6A-49E0-B7F6-F8F074AB25D2}.Release|x86.Build.0 = Release|Win32
		{979D579B-E35E-40F7-85BC-873C98D990F6}.Debug|x64.ActiveCfg = Debug|x64
		{979D579B-E35E-40F7-85BC-873C98D990F6}.Debug|x64.Build.0 = Debug|x64
		{979D579B-E35E-40F7-85BC-873C98D990F6}.Debug|x86.ActiveCfg = Debug|Win32
		{979D579B-E35E-40F7-85BC-873C98D990F6}.Debug|x86.Build.0 = Debug|Win32
		{979D579B-E35E-40F7-85BC-873C98D990F6}.Release|x64.ActiveCfg = Release|x64
		{979D579B-E35E-40F7-85BC-873C98D990F6}.Release|x64.Build.0 = Release|x64
		{979D579B-E35E-40F7-85BC-873C98D990F6}.Release|x86.ActiveCfg = Release|Win32
		{979D579B-E35E-40F7-85BC-873C98D990F6}.Release|x86.Build.0 = Release|Win32
		{51194529-2E52-4024-AE90-FA3D155DEDAA}.Debug|x64.ActiveCfg = Debug|x64
		{51194529-2E52-4024-AE90-FA3D155DEDAA}.Debug|x64.Build.0 = Debug|x64
		{51194529-2E52-4024-AE90-FA3D155DEDAA}.Debug|x86.ActiveCfg = Debug|Win32
		{51194529-2E52-4024-AE90-FA3D155DEDAA}.Debug|x86.Build.0 = Debug|Win32
		{51194529-2E52-4024-AE90-FA3D155DEDAA}.Release|x64.ActiveCfg = Release|x64
		{51194529-2E52-4024-AE90-FA3D155DEDAA}.Release|x64.Build.0 = Release|x64
		{51194529-2E52-4024-AE90-FA3D155DEDAA}.Release|x86.ActiveCfg = Release|Win32
		{51194529-2E52-4024-AE90-FA3D155DEDAA}.Release|x86.Build.0 = Release|Win32
		{A105423E-0DC5-40DE-9841-BAE8093686F4}.Debug|x64.ActiveCfg = Debug|x64
		{A105423E-0DC5-40DE-9841-BAE8093686F4}.Debug|x64.Build.0 = Debug|x64
		{A105423E-0DC5-40DE-9841-BAE8093686F4}.Debug|x86.ActiveCfg = Debug|Win32
		{A105423E-0DC5-40DE-9841-BAE8093686F4}.Debug|x86.Build.0 = Debug|Win32
		{A105423E-0DC5-40DE-9841-BAE8093686F4}.Release|x64.ActiveCfg = Release|x64
		{A105423E-0DC5-40DE-9841-BAE8093686F4}.Release|x64.Build.0 = Release|x64
		{A105423E-0DC5-40DE-9841-BAE8093686F4}.Release|x86.ActiveCfg = Release|Win32
		{A105423E-0DC5-40DE-9841-BAE8093686F4}.Release|x86.Build.0 = Release|Win32
		{BF03C800-5243-41B2-AF53-F5DDCACB5A55}.Debug|x64.ActiveCfg = Debug|x64
		{BF03C800-5243-41B2-AF53-F5DDCACB5A55}.Debug|x64.Build.0 = Debug|x64
		{BF03C800-5243-41B2-AF53-F5DDCACB5A55}.Debug|x86.ActiveCfg = Debug|Win32
		{BF03C800-5243-41B2-AF53-F5DDCACB5A55}.Debug|x86.Build.0 = Debug|Win32
		{BF03C800-5243-41B2-AF53-F5DDCACB5A55}.Release|x64.ActiveCfg = Release|x64
		{BF03C800-5243-41B2-AF53-F5DDCACB5A55}.Release|x64.Build.0 = Release|x64
		{BF03C800-5243-41B2-AF53-F5DDCACB5A55}.Release|x86.ActiveCfg = Release|Win32
		{BF03C800-5243-41B2-AF53-F5DDCACB5A55}.Release|x86.Build.0 = Release|Win32
		{ED2DFD40-0910-4B19-933C-2A4C845140A3}.Debug|x64.ActiveCfg = Debug|x64
		{ED2DFD40-0910-4B19-933C-2A4C845140A3}.Debug|x64.Build.0 = Debug|x64
		{ED2DFD40-0910-4B19-933C-2A4C845140A3}.Debug|x86.ActiveCfg = Debug|Win32
		{ED2DFD40-0910-4B19-933C-2A4C845140A3}.Debug|x86.Build.0 = Debug|Win32
		{ED2DFD40-0910-4B19-933C-2A4C845140A3}.Release|x64.ActiveCfg = Release|x64
		{ED2DFD40-0910-4B19-933C-2A4C845140A3}.Release|x64.Build.0 = Release|x64
		{ED2DFD40-0910-4B19-933C-2A4C845140A3}.Release|x86.ActiveCfg = Release|Win32
		{ED2DFD40-0910-4B19-933C-2A4C845140A3}.Release|x86.Build.0 = Release|Win32
		{369FDD79-6FF8-4008-918A-751EBAE09397}.Debug|x64.ActiveCfg = Debug|x64
		{369FDD79-6FF8-4008-918A-751EBAE09397}.Debug|x64.Build.0 = Debug|x64
		{369FDD79-6FF8-4008-918A-751EBAE09397}.Debug|x86.ActiveCfg = Debug|Win32
		{369FDD79-6FF8-4008-918A-751EBAE09397}.Debug|x86.Build.0 = Debug|Win32
		{369FDD79-6FF8-4008-918A-751EBAE09397}.Release|x64.ActiveCfg = Release|x64
		{369FDD79-6FF8-4008-918A-751EBAE09397}.Release|x64.Build.0 = Release|x64
		{369FDD79-6FF8-4008-918A-751EBAE09397}.Release|x86.ActiveCfg = Release|Win32
		{369FDD79-6FF8-4008-918A-751EBAE09397}.Release|x86.Build.0 = Release|Win32
		{CEB09D2A-9CD8-4644-90D8-C234D6D3BD22}.Debug|x64.ActiveCfg = Debug|x64
		{CEB09D2A-9CD8-4644-90D8-C234D6D3BD22}.Debug|x64.Build.0 = Debug|x64
		{CEB09D2A-9CD8-4644-90D8-C234D6D3BD22}.Debug|x86.ActiveCfg = Debug|Win32
		{CEB09D2A-9CD8-4644-90D8-C234D6D3BD22}.Debug|x86.Build.0 = Debug|Win32
		{CEB09D2A-9CD8-4644-90D8-C234D6D3BD22}.Release|x64.ActiveCfg = Release|x64
		{CEB09D2A-9CD8-4644-90D8-C234D6D3BD22}.Release|x64.Build.0 = Release|x64
		{CEB09D2A-9CD8-4644-90D8-C234D6D3BD22}.Release|x86.ActiveCfg = Release|Win32
		{CEB09D2A-9CD8-4644-90D8-C234D6D3BD22}.Release|x86.Build.0 = Release|Win32
		{8DFE986C-4217-4E33-88A3-DD1B0F7DBCF5}.Debug|x64.ActiveCfg = Debug|x64
		{8DFE986C-4217-4E33-88A3-DD1B0F7DBCF5}.Debug|x64.Build.0 = Debug|x64
		{8DFE986C-4217-4E33-88A3-DD1B0F7DBCF5}.Debug|x86.ActiveCfg = Debug|Win32
		{8DFE986C-4217-4E33-88A3-DD1B0F7DBCF5}.Debug|x86.Build.0 = Debug|Win32
		{8DFE986C-4217-4E33-88A3-DD1B0F7DBCF5}.Release|x64.ActiveCfg = Release|x64
		{8DFE986C-4217-4E33-88A3-DD1B0F7DBCF5}.Release|x64.Build.0 = Release|x64
		{8DFE986C-4217-4E33-88A3-DD1B0F7DBCF5}.Release|x86.ActiveCfg = Release|Win32
		{8DFE986C-4217-4E33-88A3-DD1B0F7DBCF5}.Release|x86.Build.0 = Release|Win32
		{C7E0BC6C-8A44-422F-8528-53585A193F69}.Debug|x64.ActiveCfg = Debug|x64
		{C7E0BC6C-8A44-422F-8528-53585A193F69}.Debug|x64.Build.0 = Debug|x64
		{C7E0BC6C-8A44-422F-8528-53585A193F69}.Debug|x86.ActiveCfg = Debug|Win32
		{C7E0BC6C-8A44-422F-8528-53585A193F69}.Debug|x86.Build.0 = Debug|Win32
		{C7E0BC6C-8A44-422F-8528-53585A193F69}.Release|x64.ActiveCfg = Release|x64
		{C7E0BC6C-8A44-422F-8528-53585A193F69}.Release|x64.Build.0 = Release|x64
		{C7E0BC6C-8A44-422F-8528-53585A193F69}.Release|x86.ActiveCfg = Release|Win32
		{C7E0BC6C-8A44-422F-8528-53585A193F69}.Release|x86.Build.0 = Release|Win32
		{B6123F76-808A-4A67-A59A-BA7D61D7C672}.Debug|x64.ActiveCfg = Debug|x64
		{B6123F76-808A-4A67-A59A-BA7D61D7C672}.Debug|x64.Build.0 = Debug|x64
		{B6123F76-808A-4A67-A59A-BA7D61D7C672}.Debug|x86.ActiveCfg = Debug|Win32
		{B6123F76-808A-4A67-A59A-BA7D61D7C672}.Debug|x86.Build.0 = Debug|Win32
		{B6123F76-808A-4A67-A59A-BA7D61D7C672}.Release|x64.ActiveCfg = Release|x64
		{B6123F76-808A-4A67-A59A-BA7D61D7C672}.Release|x64.Build.0 = Release|x64
		{B6123F76-808A-4A67-A59A-BA7D61D7C672}.Release|x86.ActiveCfg = Release|Win32
		{B6123F76-808A-4A67-A59A-BA7D61D7C672}.Release|x86.Build.0 = Release|Win32
		{FD82DA89-B2FC-4B01-8B1D-424DAA005DE8}.Debug|x64.ActiveCfg = Debug|x64
		{FD82DA89-B2FC-4B01-8B1D-424DAA005DE8}.Debug|x64.Build.0 = Debug|x64
		{FD82DA89-B2FC-4B01-8B1D-424DAA005DE8}.Debug|x86.ActiveCfg = Debug|Win32
		{FD82DA89-B2FC-4B01-8B1D-424DAA005DE8}.Debug|x86.Build.0 = Debug|Win32
		{FD82DA89-B2FC-4B01-8B1D-424DAA005DE8}.Release|x64.ActiveCfg = Release|x64
		{FD82DA89-B2FC-4B01-8B1D-424DAA005DE8}.Release|x64.Build.0 = Release|x64
		{FD82DA89-B2FC-4B01-8B1D-424DAA005DE8}.Release|x86.ActiveCfg = Release|Win32
		{FD82DA89-B2FC-4B01-8B1D-424DAA005DE8}.Release|x86.Build.0 = Release|Win32
		{F9F48BE1-A8B8-4630-B4FD-DA13E5466AE8}.Debug|x64.ActiveCfg = Debug|x64
		{F9F48BE1-A8B8-4630-B4FD-DA13E5466AE8}.Debug|x64.Build.0 = Debug|x64
		{F9F48BE1-A8B8-4630-B4FD-DA13E5466AE8}.Debug|x86.ActiveCfg = Debug|Win32
		{F9F48BE1-A8B8-4630-B4FD-DA13E5466AE8}.Debug|x86.Build.0 = Debug|Win32
		{F9F48BE1-A8B8-4630-B4FD-DA13E5466AE8}.Release|x64.ActiveCfg = Release|x64
		{F9F48BE1-A8B8-4630-B4FD-DA13E5466AE8}.Release|x64.Build.0 = Release|x64
		{F9F48BE1-A8B8-4630-B4FD-DA13E5466AE8}.Release|x86.ActiveCfg = Release|Win32
		{F9F48BE1-A8B8-4630-B4FD-DA13E5466AE8}.Release|x86.Build.0 = Release|Win32
		{D4D1B8DC-96BD-4730-9C98-5DDE619539A6}.Debug|x64.ActiveCfg = Debug|x64
		{D4D1B8DC-96BD-4730-9C98-5DDE619539A6}.Debug|x64.Build.0 = Debug|x64
		{D4D1B8DC-96BD-4730-9C98-5DDE619539A6}.Debug|x86.ActiveCfg = Debug|Win32
		{D4D1B8DC-96BD-4730-9C98-5DDE619539A6}.Debug|x86.Build.0 = Debug|Win32
		{D4D1B8DC-96BD-4730-9C98-5DDE619539A6}.Release|x64.ActiveCfg = Release|x64
		{D4D1B8DC-96BD-4730-9C98-5DDE619539A6}.Release|x64.Build.0 = Release|x64
		{D4D1B8DC-96BD-4730-9C98-5DDE619539A6}.Release|x86.ActiveCfg = Release|Win32
		{D4D1B8DC-96BD-4730-9C98-5DDE619539A6}.Release|x86.Build.0 = Release|Win32
	EndGlobalSection
	GlobalSection(SolutionProperties) = preSolution
		HideSolutionNode = FALSE
	EndGlobalSection
	GlobalSection(NestedProjects) = preSolution
		{39B62AAA-CF40-4AF8-9C5B-689A3DEE68E4} = {A2EF0A1E-3C32-4007-9ACE-E40CA476039A}
		{DE5253E1-75CC-4D79-AB91-F4B4D189F5EF} = {16AB56A0-AA0A-404E-AEEA-5FDD69737270}
		{8BD5C115-9D6A-49E0-B7F6-F8F074AB25D2} = {B6554B9D-1BA6-494B-ACDD-880894AD6CA9}
		{979D579B-E35E-40F7-85BC-873C98D990F6} = {131C6234-7E7A-425E-A9D0-196E2D2BDB91}
		{51194529-2E52-4024-AE90-FA3D155DEDAA} = {F685161C-2EBE-4D25-BD03-DAE28E671CAA}
		{A105423E-0DC5-40DE-9841-BAE8093686F4} = {7E7B0A67-C677-4D7C-A26F-9C20BF06586F}
		{BF03C800-5243-41B2-AF53-F5DDCACB5A55} = {8A014BA6-0FAB-468F-BC9B-538BFE3F6A77}
		{ED2DFD40-0910-4B19-933C-2A4C845140A3} = {6B414DB0-F88E-4D9B-A25D-C8321D71FC33}
		{369FDD79-6FF8-4008-918A-751EBAE09397} = {2F4CB8B0-5BDD-4D17-8F2C-14324102DB50}
		{CEB09D2A-9CD8-4644-90D8-C234D6D3BD22} = {1BC3DAC5-0881-49B3-9AEB-2DFD19AA490F}
		{8DFE986C-4217-4E33-88A3-DD1B0F7DBCF5} = {EDFE7EF2-5B21-4DDB-AF85-D1B4B3476A49}
		{C7E0BC6C-8A44-422F-8528-53585A193F69} = {6062970C-C9F6-43E0-98E4-B6C3F36A37BE}
		{B6123F76-808A-4A67-A59A-BA7D61D7C672} = {653C6312-B8D1-463C-B357-8E9DB9A0BBA4}
		{FD82DA89-B2FC-4B01-8B1D-424DAA005DE8} = {A4972F32-1C09-4CE4-A295-20DA9909EFB8}
	EndGlobalSection
	GlobalSection(ExtensibilityGlobals) = postSolution
		SolutionGuid = {ABCA3EEF-860F-4745-AA48-E12A9B85FA90}
	EndGlobalSection
EndGlobal
